
Microsoft Visual Studio Solution File, Format Version 12.00
# Visual Studio Version 16
VisualStudioVersion = 16.0.29123.88
MinimumVisualStudioVersion = 10.0.40219.1
Project("{8BC9CEB8-8B4A-11D0-8D11-00A0C91BC942}") = "main", "main\main.vcxproj", "{C67ED087-3F89-4AE5-B367-1903B930B443}"
EndProject
Project("{2150E333-8FDC-42A3-9474-1A3956D46DE8}") = "shared", "shared", "{759D1148-FE5D-4655-B09E-93AF4D6C1D59}"
	ProjectSection(SolutionItems) = preProject
		default.json = default.json
		README.md = README.md
	EndProjectSection
EndProject
Project("{2150E333-8FDC-42A3-9474-1A3956D46DE8}") = "data", "data", "{EDECB3A2-2668-460D-A5FC-6AD4089EBBA1}"
EndProject
Project("{2150E333-8FDC-42A3-9474-1A3956D46DE8}") = "shader", "shader", "{6A82F1F4-99AB-4711-850D-4E91F216D98D}"
	ProjectSection(SolutionItems) = preProject
		data\shader\alpha_kill.frag = data\shader\alpha_kill.frag
		data\shader\constant_color.frag = data\shader\constant_color.frag
		data\shader\depth.frag = data\shader\depth.frag
		data\shader\model_loading.frag = data\shader\model_loading.frag
		data\shader\model_loading.vert = data\shader\model_loading.vert
		data\shader\screen.frag = data\shader\screen.frag
		data\shader\screen.vert = data\shader\screen.vert
		data\shader\simple_light.frag = data\shader\simple_light.frag
		data\shader\simple_transform.vert = data\shader\simple_transform.vert
		data\shader\simple_triangle.frag = data\shader\simple_triangle.frag
		data\shader\simple_triangle.vert = data\shader\simple_triangle.vert
	EndProjectSection
EndProject
Global
	GlobalSection(SolutionConfigurationPlatforms) = preSolution
		Debug|x64 = Debug|x64
		Debug|x86 = Debug|x86
		Release|x64 = Release|x64
		Release|x86 = Release|x86
	EndGlobalSection
	GlobalSection(ProjectConfigurationPlatforms) = postSolution
		{C67ED087-3F89-4AE5-B367-1903B930B443}.Debug|x64.ActiveCfg = Debug|x64
		{C67ED087-3F89-4AE5-B367-1903B930B443}.Debug|x64.Build.0 = Debug|x64
		{C67ED087-3F89-4AE5-B367-1903B930B443}.Debug|x86.ActiveCfg = Debug|Win32
		{C67ED087-3F89-4AE5-B367-1903B930B443}.Debug|x86.Build.0 = Debug|Win32
		{C67ED087-3F89-4AE5-B367-1903B930B443}.Release|x64.ActiveCfg = Release|x64
		{C67ED087-3F89-4AE5-B367-1903B930B443}.Release|x64.Build.0 = Release|x64
		{C67ED087-3F89-4AE5-B367-1903B930B443}.Release|x86.ActiveCfg = Release|Win32
		{C67ED087-3F89-4AE5-B367-1903B930B443}.Release|x86.Build.0 = Release|Win32
	EndGlobalSection
	GlobalSection(SolutionProperties) = preSolution
		HideSolutionNode = FALSE
	EndGlobalSection
	GlobalSection(NestedProjects) = preSolution
		{6A82F1F4-99AB-4711-850D-4E91F216D98D} = {EDECB3A2-2668-460D-A5FC-6AD4089EBBA1}
	EndGlobalSection
	GlobalSection(ExtensibilityGlobals) = postSolution
		SolutionGuid = {EEBBC627-8350-4484-9F75-0CA72735D789}
	EndGlobalSection
EndGlobal
